
Microsoft Visual Studio Solution File, Format Version 12.00
# Visual Studio 15
VisualStudioVersion = 15.0.27004.2005
MinimumVisualStudioVersion = 10.0.40219.1
Project("{FAE04EC0-301F-11D3-BF4B-00C04F79EFBC}") = "Dihotomia10", "Dihotomia10\Dihotomia10.csproj", "{8365FD7B-C93D-469B-88C1-3E85CBADA401}"
EndProject
Global
	GlobalSection(SolutionConfigurationPlatforms) = preSolution
		Debug|Any CPU = Debug|Any CPU
		Release|Any CPU = Release|Any CPU
	EndGlobalSection
	GlobalSection(ProjectConfigurationPlatforms) = postSolution
		{8365FD7B-C93D-469B-88C1-3E85CBADA401}.Debug|Any CPU.ActiveCfg = Debug|Any CPU
		{8365FD7B-C93D-469B-88C1-3E85CBADA401}.Debug|Any CPU.Build.0 = Debug|Any CPU
		{8365FD7B-C93D-469B-88C1-3E85CBADA401}.Release|Any CPU.ActiveCfg = Release|Any CPU
		{8365FD7B-C93D-469B-88C1-3E85CBADA401}.Release|Any CPU.Build.0 = Release|Any CPU
	EndGlobalSection
	GlobalSection(SolutionProperties) = preSolution
		HideSolutionNode = FALSE
	EndGlobalSection
	GlobalSection(ExtensibilityGlobals) = postSolution
		SolutionGuid = {56C5FE67-2FB6-4A5D-9795-EF7D747E6179}
	EndGlobalSection
EndGlobal
