
Microsoft Visual Studio Solution File, Format Version 12.00
# Visual Studio 15
VisualStudioVersion = 15.0.27130.2036
MinimumVisualStudioVersion = 10.0.40219.1
Project("{FAE04EC0-301F-11D3-BF4B-00C04F79EFBC}") = "MetodFibbonachi", "MetodFibbonachi\MetodFibbonachi.csproj", "{7A017CCA-0C9F-4A9C-BF4E-241DF5786410}"
EndProject
Global
	GlobalSection(SolutionConfigurationPlatforms) = preSolution
		Debug|Any CPU = Debug|Any CPU
		Release|Any CPU = Release|Any CPU
	EndGlobalSection
	GlobalSection(ProjectConfigurationPlatforms) = postSolution
		{7A017CCA-0C9F-4A9C-BF4E-241DF5786410}.Debug|Any CPU.ActiveCfg = Debug|Any CPU
		{7A017CCA-0C9F-4A9C-BF4E-241DF5786410}.Debug|Any CPU.Build.0 = Debug|Any CPU
		{7A017CCA-0C9F-4A9C-BF4E-241DF5786410}.Release|Any CPU.ActiveCfg = Release|Any CPU
		{7A017CCA-0C9F-4A9C-BF4E-241DF5786410}.Release|Any CPU.Build.0 = Release|Any CPU
	EndGlobalSection
	GlobalSection(SolutionProperties) = preSolution
		HideSolutionNode = FALSE
	EndGlobalSection
	GlobalSection(ExtensibilityGlobals) = postSolution
		SolutionGuid = {967F64BB-C500-4B81-8298-09A5D64BEF27}
	EndGlobalSection
EndGlobal
